{
  "nodes": {
    "nixpkgs": {
      "locked": {
        "lastModified": 1781268102,
        "narHash": "sha256-Zn5KTggEmUB3lXn/ccERNcBdddE6IaOFber9dWViWDg=",
        "owner": "NixOS",
        "repo": "nixpkgs",
        "rev": "49a4bd0573c376468dd7996ddb6f9fa31d8c4d97",
        "type": "github"
      },
      "original": {
        "owner": "NixOS",
        "ref": "nixpkgs-unstable",
        "repo": "nixpkgs",
        "type": "github"
      }
    },
    "root": {
      "inputs": {
        "nixpkgs": "nixpkgs",
        "zmk-nix": "zmk-nix"
      }
    },
    "zmk-nix": {
      "inputs": {
        "nixpkgs": [
          "nixpkgs"
        ]
      },
      "locked": {
        "lastModified": 1780792982,
        "narHash": "sha256-ueC1zMl+xbUhjnbLoqpnleKrXd+m3VVLsu+h7UgHe4g=",
        "owner": "lilyinstarlight",
        "repo": "zmk-nix",
        "rev": "d735ef57a9b1637288755a8d8b1f03b33ef6d5b6",
        "type": "github"
      },
      "original": {
        "owner": "lilyinstarlight",
        "repo": "zmk-nix",
        "type": "github"
      }
    }
  },
  "root": "root",
  "version": 7
}
